
Microsoft Visual Studio Solution File, Format Version 12.00
# Visual Studio Version 16
VisualStudioVersion = 16.0.29709.97
MinimumVisualStudioVersion = 10.0.40219.1
Project("{FAE04EC0-301F-11D3-BF4B-00C04F79EFBC}") = "RegistroPrestamosDetalle", "RegistroPrestamosDetalle\RegistroPrestamosDetalle.csproj", "{9A99FCCA-88D8-4A2A-8B10-C64D20D9ADB6}"
EndProject
Global
	GlobalSection(SolutionConfigurationPlatforms) = preSolution
		Debug|Any CPU = Debug|Any CPU
		Release|Any CPU = Release|Any CPU
	EndGlobalSection
	GlobalSection(ProjectConfigurationPlatforms) = postSolution
		{9A99FCCA-88D8-4A2A-8B10-C64D20D9ADB6}.Debug|Any CPU.ActiveCfg = Debug|Any CPU
		{9A99FCCA-88D8-4A2A-8B10-C64D20D9ADB6}.Debug|Any CPU.Build.0 = Debug|Any CPU
		{9A99FCCA-88D8-4A2A-8B10-C64D20D9ADB6}.Release|Any CPU.ActiveCfg = Release|Any CPU
		{9A99FCCA-88D8-4A2A-8B10-C64D20D9ADB6}.Release|Any CPU.Build.0 = Release|Any CPU
	EndGlobalSection
	GlobalSection(SolutionProperties) = preSolution
		HideSolutionNode = FALSE
	EndGlobalSection
	GlobalSection(ExtensibilityGlobals) = postSolution
		SolutionGuid = {5344573C-4437-46D7-9EF3-FDDD8A210ECC}
	EndGlobalSection
EndGlobal
